
Microsoft Visual Studio Solution File, Format Version 12.00
# Visual Studio Version 17
VisualStudioVersion = 17.11.35312.102
MinimumVisualStudioVersion = 10.0.40219.1
Project("{FAE04EC0-301F-11D3-BF4B-00C04F79EFBC}") = "Lab2", "Lab2.csproj", "{EDFC46F7-46DA-437D-9F40-3C0A1959D436}"
EndProject
Global
	GlobalSection(SolutionConfigurationPlatforms) = preSolution
		Debug|Any CPU = Debug|Any CPU
		Release|Any CPU = Release|Any CPU
	EndGlobalSection
	GlobalSection(ProjectConfigurationPlatforms) = postSolution
		{EDFC46F7-46DA-437D-9F40-3C0A1959D436}.Debug|Any CPU.ActiveCfg = Debug|Any CPU
		{EDFC46F7-46DA-437D-9F40-3C0A1959D436}.Debug|Any CPU.Build.0 = Debug|Any CPU
		{EDFC46F7-46DA-437D-9F40-3C0A1959D436}.Release|Any CPU.ActiveCfg = Release|Any CPU
		{EDFC46F7-46DA-437D-9F40-3C0A1959D436}.Release|Any CPU.Build.0 = Release|Any CPU
	EndGlobalSection
	GlobalSection(SolutionProperties) = preSolution
		HideSolutionNode = FALSE
	EndGlobalSection
	GlobalSection(ExtensibilityGlobals) = postSolution
		SolutionGuid = {507F0836-6194-4377-8C58-029AB31D8C86}
	EndGlobalSection
EndGlobal
